
Microsoft Visual Studio Solution File, Format Version 12.00
# Visual Studio 15
VisualStudioVersion = 15.0.27703.2018
MinimumVisualStudioVersion = 10.0.40219.1
Project("{FAE04EC0-301F-11D3-BF4B-00C04F79EFBC}") = "Moving picture", "Moving picture\Moving picture.csproj", "{AC376788-B617-4839-8A71-DE9D90AB499A}"
EndProject
Global
	GlobalSection(SolutionConfigurationPlatforms) = preSolution
		Debug|Any CPU = Debug|Any CPU
		Release|Any CPU = Release|Any CPU
	EndGlobalSection
	GlobalSection(ProjectConfigurationPlatforms) = postSolution
		{AC376788-B617-4839-8A71-DE9D90AB499A}.Debug|Any CPU.ActiveCfg = Debug|Any CPU
		{AC376788-B617-4839-8A71-DE9D90AB499A}.Debug|Any CPU.Build.0 = Debug|Any CPU
		{AC376788-B617-4839-8A71-DE9D90AB499A}.Release|Any CPU.ActiveCfg = Release|Any CPU
		{AC376788-B617-4839-8A71-DE9D90AB499A}.Release|Any CPU.Build.0 = Release|Any CPU
	EndGlobalSection
	GlobalSection(SolutionProperties) = preSolution
		HideSolutionNode = FALSE
	EndGlobalSection
	GlobalSection(ExtensibilityGlobals) = postSolution
		SolutionGuid = {1FE7B394-E455-4682-B02C-83E78113E798}
	EndGlobalSection
EndGlobal
